
Microsoft Visual Studio Solution File, Format Version 12.00
# Visual Studio 14
VisualStudioVersion = 14.0.25420.1
MinimumVisualStudioVersion = 10.0.40219.1
Project("{FAE04EC0-301F-11D3-BF4B-00C04F79EFBC}") = "Nortwind.Entities", "Nortwind.Entities\Nortwind.Entities.csproj", "{024BD20B-48EF-481C-B3AC-3F08A071D0D2}"
EndProject
Project("{FAE04EC0-301F-11D3-BF4B-00C04F79EFBC}") = "Nortwind.DataAccess", "Nortwind.DataAccess\Nortwind.DataAccess.csproj", "{24A90756-5DC8-473E-A55A-AC8B501D1F78}"
EndProject
Project("{FAE04EC0-301F-11D3-BF4B-00C04F79EFBC}") = "Nortwind.Business", "Nortwind.Business\Nortwind.Business.csproj", "{48038891-50EC-40FB-B4C2-B96DFB86EEBD}"
EndProject
Project("{FAE04EC0-301F-11D3-BF4B-00C04F79EFBC}") = "Northwind.WebFormsUI", "Northwind.WebFormsUI\Northwind.WebFormsUI.csproj", "{5935967D-9145-49D0-ACCF-A7FCD60DACD8}"
EndProject
Global
	GlobalSection(SolutionConfigurationPlatforms) = preSolution
		Debug|Any CPU = Debug|Any CPU
		Release|Any CPU = Release|Any CPU
	EndGlobalSection
	GlobalSection(ProjectConfigurationPlatforms) = postSolution
		{024BD20B-48EF-481C-B3AC-3F08A071D0D2}.Debug|Any CPU.ActiveCfg = Debug|Any CPU
		{024BD20B-48EF-481C-B3AC-3F08A071D0D2}.Debug|Any CPU.Build.0 = Debug|Any CPU
		{024BD20B-48EF-481C-B3AC-3F08A071D0D2}.Release|Any CPU.ActiveCfg = Release|Any CPU
		{024BD20B-48EF-481C-B3AC-3F08A071D0D2}.Release|Any CPU.Build.0 = Release|Any CPU
		{24A90756-5DC8-473E-A55A-AC8B501D1F78}.Debug|Any CPU.ActiveCfg = Debug|Any CPU
		{24A90756-5DC8-473E-A55A-AC8B501D1F78}.Debug|Any CPU.Build.0 = Debug|Any CPU
		{24A90756-5DC8-473E-A55A-AC8B501D1F78}.Release|Any CPU.ActiveCfg = Release|Any CPU
		{24A90756-5DC8-473E-A55A-AC8B501D1F78}.Release|Any CPU.Build.0 = Release|Any CPU
		{48038891-50EC-40FB-B4C2-B96DFB86EEBD}.Debug|Any CPU.ActiveCfg = Debug|Any CPU
		{48038891-50EC-40FB-B4C2-B96DFB86EEBD}.Debug|Any CPU.Build.0 = Debug|Any CPU
		{48038891-50EC-40FB-B4C2-B96DFB86EEBD}.Release|Any CPU.ActiveCfg = Release|Any CPU
		{48038891-50EC-40FB-B4C2-B96DFB86EEBD}.Release|Any CPU.Build.0 = Release|Any CPU
		{5935967D-9145-49D0-ACCF-A7FCD60DACD8}.Debug|Any CPU.ActiveCfg = Debug|Any CPU
		{5935967D-9145-49D0-ACCF-A7FCD60DACD8}.Debug|Any CPU.Build.0 = Debug|Any CPU
		{5935967D-9145-49D0-ACCF-A7FCD60DACD8}.Release|Any CPU.ActiveCfg = Release|Any CPU
		{5935967D-9145-49D0-ACCF-A7FCD60DACD8}.Release|Any CPU.Build.0 = Release|Any CPU
	EndGlobalSection
	GlobalSection(SolutionProperties) = preSolution
		HideSolutionNode = FALSE
	EndGlobalSection
EndGlobal
